
Microsoft Visual Studio Solution File, Format Version 12.00
# Visual Studio Version 17
VisualStudioVersion = 17.0.31903.59
MinimumVisualStudioVersion = 10.0.40219.1
Project("{FAE04EC0-301F-11D3-BF4B-00C04F79EFBC}") = "Produtor.Domain", "Produtor.Domain\Produtor.Domain.csproj", "{313DAF29-FEFF-417F-8C30-0E665D7D17DF}"
EndProject
Project("{FAE04EC0-301F-11D3-BF4B-00C04F79EFBC}") = "Produtor.Tests", "Produtor.Tests\Produtor.Tests.csproj", "{77995C23-4DC5-4C1D-8926-8B3B44805BB0}"
EndProject
Global
	GlobalSection(SolutionConfigurationPlatforms) = preSolution
		Debug|Any CPU = Debug|Any CPU
		Release|Any CPU = Release|Any CPU
	EndGlobalSection
	GlobalSection(SolutionProperties) = preSolution
		HideSolutionNode = FALSE
	EndGlobalSection
	GlobalSection(ProjectConfigurationPlatforms) = postSolution
		{313DAF29-FEFF-417F-8C30-0E665D7D17DF}.Debug|Any CPU.ActiveCfg = Debug|Any CPU
		{313DAF29-FEFF-417F-8C30-0E665D7D17DF}.Debug|Any CPU.Build.0 = Debug|Any CPU
		{313DAF29-FEFF-417F-8C30-0E665D7D17DF}.Release|Any CPU.ActiveCfg = Release|Any CPU
		{313DAF29-FEFF-417F-8C30-0E665D7D17DF}.Release|Any CPU.Build.0 = Release|Any CPU
		{77995C23-4DC5-4C1D-8926-8B3B44805BB0}.Debug|Any CPU.ActiveCfg = Debug|Any CPU
		{77995C23-4DC5-4C1D-8926-8B3B44805BB0}.Debug|Any CPU.Build.0 = Debug|Any CPU
		{77995C23-4DC5-4C1D-8926-8B3B44805BB0}.Release|Any CPU.ActiveCfg = Release|Any CPU
		{77995C23-4DC5-4C1D-8926-8B3B44805BB0}.Release|Any CPU.Build.0 = Release|Any CPU
	EndGlobalSection
EndGlobal
